PODS:
  - Flutter (1.0.0)
  - package_info_plus (0.4.5):
    - Flutter
<<<<<<< HEAD
=======
  - permission_handler_apple (9.3.0):
    - Flutter
>>>>>>> ec1e1ab (commit)
  - video_player_avfoundation (0.0.1):
    - Flutter
    - FlutterMacOS
  - wakelock_plus (0.0.1):
    - Flutter
<<<<<<< HEAD
=======
  - yandex_mapkit (0.0.1):
    - Flutter
    - YandexMapsMobile (= 4.5.1-lite)
  - YandexMapsMobile (4.5.1-lite)
>>>>>>> ec1e1ab (commit)

DEPENDENCIES:
  - Flutter (from `Flutter`)
  - package_info_plus (from `.symlinks/plugins/package_info_plus/ios`)
<<<<<<< HEAD
  - video_player_avfoundation (from `.symlinks/plugins/video_player_avfoundation/darwin`)
  - wakelock_plus (from `.symlinks/plugins/wakelock_plus/ios`)
=======
  - permission_handler_apple (from `.symlinks/plugins/permission_handler_apple/ios`)
  - video_player_avfoundation (from `.symlinks/plugins/video_player_avfoundation/darwin`)
  - wakelock_plus (from `.symlinks/plugins/wakelock_plus/ios`)
  - yandex_mapkit (from `.symlinks/plugins/yandex_mapkit/ios`)

SPEC REPOS:
  trunk:
    - YandexMapsMobile
>>>>>>> ec1e1ab (commit)

EXTERNAL SOURCES:
  Flutter:
    :path: Flutter
  package_info_plus:
    :path: ".symlinks/plugins/package_info_plus/ios"
<<<<<<< HEAD
=======
  permission_handler_apple:
    :path: ".symlinks/plugins/permission_handler_apple/ios"
>>>>>>> ec1e1ab (commit)
  video_player_avfoundation:
    :path: ".symlinks/plugins/video_player_avfoundation/darwin"
  wakelock_plus:
    :path: ".symlinks/plugins/wakelock_plus/ios"
<<<<<<< HEAD
=======
  yandex_mapkit:
    :path: ".symlinks/plugins/yandex_mapkit/ios"
>>>>>>> ec1e1ab (commit)

SPEC CHECKSUMS:
  Flutter: e0871f40cf51350855a761d2e70bf5af5b9b5de7
  package_info_plus: 58f0028419748fad15bf008b270aaa8e54380b1c
<<<<<<< HEAD
  video_player_avfoundation: 2b4384f3b157206b5e150a0083cdc0c905d260d3
  wakelock_plus: 78ec7c5b202cab7761af8e2b2b3d0671be6c4ae1
=======
  permission_handler_apple: 9878588469a2b0d0fc1e048d9f43605f92e6cec2
  video_player_avfoundation: 2b4384f3b157206b5e150a0083cdc0c905d260d3
  wakelock_plus: 78ec7c5b202cab7761af8e2b2b3d0671be6c4ae1
  yandex_mapkit: 07c617e071b7a32974bbca86fb427cc1681f9356
  YandexMapsMobile: 1d4ab5b441f189756e0a9f94626ff26ae1fc9756
>>>>>>> ec1e1ab (commit)

PODFILE CHECKSUM: 7be2f5f74864d463a8ad433546ed1de7e0f29aef

COCOAPODS: 1.15.2
